
Microsoft Visual Studio Solution File, Format Version 12.00
# Visual Studio Version 17
VisualStudioVersion = 17.6.33815.320
MinimumVisualStudioVersion = 10.0.40219.1
Project("{FAE04EC0-301F-11D3-BF4B-00C04F79EFBC}") = "WellCalculations2010", "WellCalculations2010.csproj", "{0C35199D-E152-4CE2-9650-C83296C60AAA}"
	ProjectSection(ProjectDependencies) = postProject
		{D98DF4AC-15BC-48FE-8BE6-2DE1B2D04E80} = {D98DF4AC-15BC-48FE-8BE6-2DE1B2D04E80}
	EndProjectSection
EndProject
Project("{FAE04EC0-301F-11D3-BF4B-00C04F79EFBC}") = "WellCalculations2010_Installer", "..\WellCalculations2010_Installer\WellCalculations2010_Installer.csproj", "{CB2DC408-351C-4FF2-AA90-EC213AAAE799}"
	ProjectSection(ProjectDependencies) = postProject
		{0C35199D-E152-4CE2-9650-C83296C60AAA} = {0C35199D-E152-4CE2-9650-C83296C60AAA}
	EndProjectSection
EndProject
Project("{FAE04EC0-301F-11D3-BF4B-00C04F79EFBC}") = "MathModule", "..\..\..\Misc\MathModule\MathModule\MathModule.csproj", "{D98DF4AC-15BC-48FE-8BE6-2DE1B2D04E80}"
EndProject
Project("{FAE04EC0-301F-11D3-BF4B-00C04F79EFBC}") = "AutoCADUtilities2010", "..\..\AutoCAD\AutoCADUtilities\AutoCADUtilities2010\AutoCADUtilities2010.csproj", "{36B4883B-96CA-459E-B3F5-66AC99412C0F}"
EndProject
Global
	GlobalSection(SolutionConfigurationPlatforms) = preSolution
		Debug|Any CPU = Debug|Any CPU
		Debug|x64 = Debug|x64
		Debug|x86 = Debug|x86
		Release|Any CPU = Release|Any CPU
		Release|x64 = Release|x64
		Release|x86 = Release|x86
	EndGlobalSection
	GlobalSection(ProjectConfigurationPlatforms) = postSolution
		{0C35199D-E152-4CE2-9650-C83296C60AAA}.Debug|Any CPU.ActiveCfg = Debug|Any CPU
		{0C35199D-E152-4CE2-9650-C83296C60AAA}.Debug|Any CPU.Build.0 = Debug|Any CPU
		{0C35199D-E152-4CE2-9650-C83296C60AAA}.Debug|x64.ActiveCfg = Debug|Any CPU
		{0C35199D-E152-4CE2-9650-C83296C60AAA}.Debug|x64.Build.0 = Debug|Any CPU
		{0C35199D-E152-4CE2-9650-C83296C60AAA}.Debug|x86.ActiveCfg = Debug|Any CPU
		{0C35199D-E152-4CE2-9650-C83296C60AAA}.Debug|x86.Build.0 = Debug|Any CPU
		{0C35199D-E152-4CE2-9650-C83296C60AAA}.Release|Any CPU.ActiveCfg = Release|Any CPU
		{0C35199D-E152-4CE2-9650-C83296C60AAA}.Release|Any CPU.Build.0 = Release|Any CPU
		{0C35199D-E152-4CE2-9650-C83296C60AAA}.Release|x64.ActiveCfg = Release|Any CPU
		{0C35199D-E152-4CE2-9650-C83296C60AAA}.Release|x64.Build.0 = Release|Any CPU
		{0C35199D-E152-4CE2-9650-C83296C60AAA}.Release|x86.ActiveCfg = Release|Any CPU
		{0C35199D-E152-4CE2-9650-C83296C60AAA}.Release|x86.Build.0 = Release|Any CPU
		{CB2DC408-351C-4FF2-AA90-EC213AAAE799}.Debug|Any CPU.ActiveCfg = Debug|Any CPU
		{CB2DC408-351C-4FF2-AA90-EC213AAAE799}.Debug|Any CPU.Build.0 = Debug|Any CPU
		{CB2DC408-351C-4FF2-AA90-EC213AAAE799}.Debug|x64.ActiveCfg = Debug|Any CPU
		{CB2DC408-351C-4FF2-AA90-EC213AAAE799}.Debug|x64.Build.0 = Debug|Any CPU
		{CB2DC408-351C-4FF2-AA90-EC213AAAE799}.Debug|x86.ActiveCfg = Debug|Any CPU
		{CB2DC408-351C-4FF2-AA90-EC213AAAE799}.Debug|x86.Build.0 = Debug|Any CPU
		{CB2DC408-351C-4FF2-AA90-EC213AAAE799}.Release|Any CPU.ActiveCfg = Release|Any CPU
		{CB2DC408-351C-4FF2-AA90-EC213AAAE799}.Release|Any CPU.Build.0 = Release|Any CPU
		{CB2DC408-351C-4FF2-AA90-EC213AAAE799}.Release|x64.ActiveCfg = Release|Any CPU
		{CB2DC408-351C-4FF2-AA90-EC213AAAE799}.Release|x64.Build.0 = Release|Any CPU
		{CB2DC408-351C-4FF2-AA90-EC213AAAE799}.Release|x86.ActiveCfg = Release|Any CPU
		{CB2DC408-351C-4FF2-AA90-EC213AAAE799}.Release|x86.Build.0 = Release|Any CPU
		{D98DF4AC-15BC-48FE-8BE6-2DE1B2D04E80}.Debug|Any CPU.ActiveCfg = Debug|Any CPU
		{D98DF4AC-15BC-48FE-8BE6-2DE1B2D04E80}.Debug|Any CPU.Build.0 = Debug|Any CPU
		{D98DF4AC-15BC-48FE-8BE6-2DE1B2D04E80}.Debug|x64.ActiveCfg = Debug|Any CPU
		{D98DF4AC-15BC-48FE-8BE6-2DE1B2D04E80}.Debug|x64.Build.0 = Debug|Any CPU
		{D98DF4AC-15BC-48FE-8BE6-2DE1B2D04E80}.Debug|x86.ActiveCfg = Debug|Any CPU
		{D98DF4AC-15BC-48FE-8BE6-2DE1B2D04E80}.Debug|x86.Build.0 = Debug|Any CPU
		{D98DF4AC-15BC-48FE-8BE6-2DE1B2D04E80}.Release|Any CPU.ActiveCfg = Release|Any CPU
		{D98DF4AC-15BC-48FE-8BE6-2DE1B2D04E80}.Release|Any CPU.Build.0 = Release|Any CPU
		{D98DF4AC-15BC-48FE-8BE6-2DE1B2D04E80}.Release|x64.ActiveCfg = Release|Any CPU
		{D98DF4AC-15BC-48FE-8BE6-2DE1B2D04E80}.Release|x64.Build.0 = Release|Any CPU
		{D98DF4AC-15BC-48FE-8BE6-2DE1B2D04E80}.Release|x86.ActiveCfg = Release|Any CPU
		{D98DF4AC-15BC-48FE-8BE6-2DE1B2D04E80}.Release|x86.Build.0 = Release|Any CPU
		{36B4883B-96CA-459E-B3F5-66AC99412C0F}.Debug|Any CPU.ActiveCfg = Debug|Any CPU
		{36B4883B-96CA-459E-B3F5-66AC99412C0F}.Debug|Any CPU.Build.0 = Debug|Any CPU
		{36B4883B-96CA-459E-B3F5-66AC99412C0F}.Debug|x64.ActiveCfg = Debug|Any CPU
		{36B4883B-96CA-459E-B3F5-66AC99412C0F}.Debug|x64.Build.0 = Debug|Any CPU
		{36B4883B-96CA-459E-B3F5-66AC99412C0F}.Debug|x86.ActiveCfg = Debug|Any CPU
		{36B4883B-96CA-459E-B3F5-66AC99412C0F}.Debug|x86.Build.0 = Debug|Any CPU
		{36B4883B-96CA-459E-B3F5-66AC99412C0F}.Release|Any CPU.ActiveCfg = Release|Any CPU
		{36B4883B-96CA-459E-B3F5-66AC99412C0F}.Release|Any CPU.Build.0 = Release|Any CPU
		{36B4883B-96CA-459E-B3F5-66AC99412C0F}.Release|x64.ActiveCfg = Release|Any CPU
		{36B4883B-96CA-459E-B3F5-66AC99412C0F}.Release|x64.Build.0 = Release|Any CPU
		{36B4883B-96CA-459E-B3F5-66AC99412C0F}.Release|x86.ActiveCfg = Release|Any CPU
		{36B4883B-96CA-459E-B3F5-66AC99412C0F}.Release|x86.Build.0 = Release|Any CPU
	EndGlobalSection
	GlobalSection(SolutionProperties) = preSolution
		HideSolutionNode = FALSE
	EndGlobalSection
	GlobalSection(ExtensibilityGlobals) = postSolution
		SolutionGuid = {7A3FF5B8-76CB-4E32-B545-162CBAEC8402}
	EndGlobalSection
EndGlobal
